
Microsoft Visual Studio Solution File, Format Version 12.00
# Visual Studio Version 17
VisualStudioVersion = 17.11.35312.102
MinimumVisualStudioVersion = 10.0.40219.1
Project("{9A19103F-16F7-4668-BE54-9A1E7A4F7556}") = "ApiMonitoringService", "ApiMonitoringService\ApiMonitoringService.csproj", "{DA17A95B-47DA-45E8-B776-22FE3A2E026E}"
EndProject
Project("{9A19103F-16F7-4668-BE54-9A1E7A4F7556}") = "SampleWebApi", "SampleWebApi\SampleWebApi.csproj", "{5FAD48CD-B123-478B-8AB2-A2D6FACAEF40}"
EndProject
Global
	GlobalSection(SolutionConfigurationPlatforms) = preSolution
		Debug|Any CPU = Debug|Any CPU
		Release|Any CPU = Release|Any CPU
	EndGlobalSection
	GlobalSection(ProjectConfigurationPlatforms) = postSolution
		{DA17A95B-47DA-45E8-B776-22FE3A2E026E}.Debug|Any CPU.ActiveCfg = Debug|Any CPU
		{DA17A95B-47DA-45E8-B776-22FE3A2E026E}.Debug|Any CPU.Build.0 = Debug|Any CPU
		{DA17A95B-47DA-45E8-B776-22FE3A2E026E}.Release|Any CPU.ActiveCfg = Release|Any CPU
		{DA17A95B-47DA-45E8-B776-22FE3A2E026E}.Release|Any CPU.Build.0 = Release|Any CPU
		{5FAD48CD-B123-478B-8AB2-A2D6FACAEF40}.Debug|Any CPU.ActiveCfg = Debug|Any CPU
		{5FAD48CD-B123-478B-8AB2-A2D6FACAEF40}.Debug|Any CPU.Build.0 = Debug|Any CPU
		{5FAD48CD-B123-478B-8AB2-A2D6FACAEF40}.Release|Any CPU.ActiveCfg = Release|Any CPU
		{5FAD48CD-B123-478B-8AB2-A2D6FACAEF40}.Release|Any CPU.Build.0 = Release|Any CPU
	EndGlobalSection
	GlobalSection(SolutionProperties) = preSolution
		HideSolutionNode = FALSE
	EndGlobalSection
	GlobalSection(ExtensibilityGlobals) = postSolution
		SolutionGuid = {2D2C3BBA-6638-4D9D-A298-507BBC35D19A}
	EndGlobalSection
EndGlobal
